// !$*UTF8*$!
{
	archiveVersion = 1;
	classes = {
	};
	objectVersion = 46;
	objects = {

/* Begin PBXBuildFile section */
		262C95E0B95205CAAB4E22BA /* Pods_Selfiegram_New.framework in Frameworks */ = {isa = PBXBuildFile; fileRef = 133910BACB7A7EA5AE272D4A /* Pods_Selfiegram_New.framework */; };
		6677B4251D822D7C00C0A8C7 /* SelfieCell.swift in Sources */ = {isa = PBXBuildFile; fileRef = 6677B4241D822D7C00C0A8C7 /* SelfieCell.swift */; };
		66B62C6C1D790467006DF69D /* User.swift in Sources */ = {isa = PBXBuildFile; fileRef = 66B62C6B1D790467006DF69D /* User.swift */; };
		66B62C6E1D790740006DF69D /* Post.swift in Sources */ = {isa = PBXBuildFile; fileRef = 66B62C6D1D790740006DF69D /* Post.swift */; };
		66C9C94A1D766ECC0091CC66 /* AppDelegate.swift in Sources */ = {isa = PBXBuildFile; fileRef = 66C9C9491D766ECC0091CC66 /* AppDelegate.swift */; };
		66C9C94C1D766ECC0091CC66 /* ViewController.swift in Sources */ = {isa = PBXBuildFile; fileRef = 66C9C94B1D766ECC0091CC66 /* ViewController.swift */; };
		66C9C94F1D766ECC0091CC66 /* Main.storyboard in Resources */ = {isa = PBXBuildFile; fileRef = 66C9C94D1D766ECC0091CC66 /* Main.storyboard */; };
		66C9C9511D766ECC0091CC66 /* Assets.xcassets in Resources */ = {isa = PBXBuildFile; fileRef = 66C9C9501D766ECC0091CC66 /* Assets.xcassets */; };
		66C9C9541D766ECC0091CC66 /* LaunchScreen.storyboard in Resources */ = {isa = PBXBuildFile; fileRef = 66C9C9521D766ECC0091CC66 /* LaunchScreen.storyboard */; };
		66C9C95F1D766ECC0091CC66 /* Selfiegram_NewTests.swift in Sources */ = {isa = PBXBuildFile; fileRef = 66C9C95E1D766ECC0091CC66 /* Selfiegram_NewTests.swift */; };
		66C9C96A1D766ECC0091CC66 /* Selfiegram_NewUITests.swift in Sources */ = {isa = PBXBuildFile; fileRef = 66C9C9691D766ECC0091CC66 /* Selfiegram_NewUITests.swift */; };
		66C9C9781D7679D30091CC66 /* ProfileViewController.swift in Sources */ = {isa = PBXBuildFile; fileRef = 66C9C9771D7679D30091CC66 /* ProfileViewController.swift */; };
		66F9E8AA1D7F97840090EDC0 /* FeedViewController.swift in Sources */ = {isa = PBXBuildFile; fileRef = 66F9E8A91D7F97840090EDC0 /* FeedViewController.swift */; };
		D3FA2025C945C149758428AD /* Pods_Selfiegram_NewUITests.framework in Frameworks */ = {isa = PBXBuildFile; fileRef = 80DDE36D380B0B2F32727444 /* Pods_Selfiegram_NewUITests.framework */; };
		FCCC0FDDBEEDA48EBA156E52 /* Pods_Selfiegram_NewTests.framework in Frameworks */ = {isa = PBXBuildFile; fileRef = 97497256F43A548DC2674DFB /* Pods_Selfiegram_NewTests.framework */; };
/* End PBXBuildFile section */

/* Begin PBXContainerItemProxy section */
		66C9C95B1D766ECC0091CC66 /* PBXContainerItemProxy */ = {
			isa = PBXContainerItemProxy;
			containerPortal = 66C9C93E1D766ECB0091CC66 /* Project object */;
			proxyType = 1;
			remoteGlobalIDString = 66C9C9451D766ECC0091CC66;
			remoteInfo = "Selfiegram New";
		};
		66C9C9661D766ECC0091CC66 /* PBXContainerItemProxy */ = {
			isa = PBXContainerItemProxy;
			containerPortal = 66C9C93E1D766ECB0091CC66 /* Project object */;
			proxyType = 1;
			remoteGlobalIDString = 66C9C9451D766ECC0091CC66;
			remoteInfo = "Selfiegram New";
		};
/* End PBXContainerItemProxy section */

/* Begin PBXFileReference section */
		133910BACB7A7EA5AE272D4A /* Pods_Selfiegram_New.framework */ = {isa = PBXFileReference; explicitFileType = wrapper.framework; includeInIndex = 0; path = Pods_Selfiegram_New.framework; sourceTree = BUILT_PRODUCTS_DIR; };
		26298F75FF6B4766FE33B47E /* Pods-Selfiegram NewTests.debug.xcconfig */ = {isa = PBXFileReference; includeInIndex = 1; lastKnownFileType = text.xcconfig; name = "Pods-Selfiegram NewTests.debug.xcconfig"; path = "Pods/Target Support Files/Pods-Selfiegram NewTests/Pods-Selfiegram NewTests.debug.xcconfig"; sourceTree = "<group>"; };
		4DC5D38C12C5541BAC7A70DD /* Pods-Selfiegram New.release.xcconfig */ = {isa = PBXFileReference; includeInIndex = 1; lastKnownFileType = text.xcconfig; name = "Pods-Selfiegram New.release.xcconfig"; path = "Pods/Target Support Files/Pods-Selfiegram New/Pods-Selfiegram New.release.xcconfig"; sourceTree = "<group>"; };
		6209D22F222864D91EECC388 /* Pods-Selfiegram New.debug.xcconfig */ = {isa = PBXFileReference; includeInIndex = 1; lastKnownFileType = text.xcconfig; name = "Pods-Selfiegram New.debug.xcconfig"; path = "Pods/Target Support Files/Pods-Selfiegram New/Pods-Selfiegram New.debug.xcconfig"; sourceTree = "<group>"; };
		6677B4241D822D7C00C0A8C7 /* SelfieCell.swift */ = {isa = PBXFileReference; fileEncoding = 4; lastKnownFileType = sourcecode.swift; path = SelfieCell.swift; sourceTree = "<group>"; };
		66B62C6B1D790467006DF69D /* User.swift */ = {isa = PBXFileReference; fileEncoding = 4; lastKnownFileType = sourcecode.swift; path = User.swift; sourceTree = "<group>"; };
		66B62C6D1D790740006DF69D /* Post.swift */ = {isa = PBXFileReference; fileEncoding = 4; lastKnownFileType = sourcecode.swift; path = Post.swift; sourceTree = "<group>"; };
		66C9C9461D766ECC0091CC66 /* Selfiegram New.app */ = {isa = PBXFileReference; explicitFileType = wrapper.application; includeInIndex = 0; path = "Selfiegram New.app"; sourceTree = BUILT_PRODUCTS_DIR; };
		66C9C9491D766ECC0091CC66 /* AppDelegate.swift */ = {isa = PBXFileReference; lastKnownFileType = sourcecode.swift; path = AppDelegate.swift; sourceTree = "<group>"; };
		66C9C94B1D766ECC0091CC66 /* ViewController.swift */ = {isa = PBXFileReference; lastKnownFileType = sourcecode.swift; path = ViewController.swift; sourceTree = "<group>"; };
		66C9C94E1D766ECC0091CC66 /* Base */ = {isa = PBXFileReference; lastKnownFileType = file.storyboard; name = Base; path = Base.lproj/Main.storyboard; sourceTree = "<group>"; };
		66C9C9501D766ECC0091CC66 /* Assets.xcassets */ = {isa = PBXFileReference; lastKnownFileType = folder.assetcatalog; path = Assets.xcassets; sourceTree = "<group>"; };
		66C9C9531D766ECC0091CC66 /* Base */ = {isa = PBXFileReference; lastKnownFileType = file.storyboard; name = Base; path = Base.lproj/LaunchScreen.storyboard; sourceTree = "<group>"; };
		66C9C9551D766ECC0091CC66 /* Info.plist */ = {isa = PBXFileReference; lastKnownFileType = text.plist.xml; path = Info.plist; sourceTree = "<group>"; };
		66C9C95A1D766ECC0091CC66 /* Selfiegram NewTests.xctest */ = {isa = PBXFileReference; explicitFileType = wrapper.cfbundle; includeInIndex = 0; path = "Selfiegram NewTests.xctest"; sourceTree = BUILT_PRODUCTS_DIR; };
		66C9C95E1D766ECC0091CC66 /* Selfiegram_NewTests.swift */ = {isa = PBXFileReference; lastKnownFileType = sourcecode.swift; path = Selfiegram_NewTests.swift; sourceTree = "<group>"; };
		66C9C9601D766ECC0091CC66 /* Info.plist */ = {isa = PBXFileReference; lastKnownFileType = text.plist.xml; path = Info.plist; sourceTree = "<group>"; };
		66C9C9651D766ECC0091CC66 /* Selfiegram NewUITests.xctest */ = {isa = PBXFileReference; explicitFileType = wrapper.cfbundle; includeInIndex = 0; path = "Selfiegram NewUITests.xctest"; sourceTree = BUILT_PRODUCTS_DIR; };
		66C9C9691D766ECC0091CC66 /* Selfiegram_NewUITests.swift */ = {isa = PBXFileReference; lastKnownFileType = sourcecode.swift; path = Selfiegram_NewUITests.swift; sourceTree = "<group>"; };
		66C9C96B1D766ECC0091CC66 /* Info.plist */ = {isa = PBXFileReference; lastKnownFileType = text.plist.xml; path = Info.plist; sourceTree = "<group>"; };
		66C9C9771D7679D30091CC66 /* ProfileViewController.swift */ = {isa = PBXFileReference; fileEncoding = 4; lastKnownFileType = sourcecode.swift; path = ProfileViewController.swift; sourceTree = "<group>"; };
		66F9E8A91D7F97840090EDC0 /* FeedViewController.swift */ = {isa = PBXFileReference; fileEncoding = 4; lastKnownFileType = sourcecode.swift; path = FeedViewController.swift; sourceTree = "<group>"; };
		7F0FDEB2473E110DBAB7B4E9 /* Pods-Selfiegram NewUITests.release.xcconfig */ = {isa = PBXFileReference; includeInIndex = 1; lastKnownFileType = text.xcconfig; name = "Pods-Selfiegram NewUITests.release.xcconfig"; path = "Pods/Target Support Files/Pods-Selfiegram NewUITests/Pods-Selfiegram NewUITests.release.xcconfig"; sourceTree = "<group>"; };
		80DDE36D380B0B2F32727444 /* Pods_Selfiegram_NewUITests.framework */ = {isa = PBXFileReference; explicitFileType = wrapper.framework; includeInIndex = 0; path = Pods_Selfiegram_NewUITests.framework; sourceTree = BUILT_PRODUCTS_DIR; };
		97497256F43A548DC2674DFB /* Pods_Selfiegram_NewTests.framework */ = {isa = PBXFileReference; explicitFileType = wrapper.framework; includeInIndex = 0; path = Pods_Selfiegram_NewTests.framework; sourceTree = BUILT_PRODUCTS_DIR; };
		C78A46B5A15D7566F4176A23 /* Pods-Selfiegram NewTests.release.xcconfig */ = {isa = PBXFileReference; includeInIndex = 1; lastKnownFileType = text.xcconfig; name = "Pods-Selfiegram NewTests.release.xcconfig"; path = "Pods/Target Support Files/Pods-Selfiegram NewTests/Pods-Selfiegram NewTests.release.xcconfig"; sourceTree = "<group>"; };
		C8BC9CEFAD87B203F4B8C244 /* Pods-Selfiegram NewUITests.debug.xcconfig */ = {isa = PBXFileReference; includeInIndex = 1; lastKnownFileType = text.xcconfig; name = "Pods-Selfiegram NewUITests.debug.xcconfig"; path = "Pods/Target Support Files/Pods-Selfiegram NewUITests/Pods-Selfiegram NewUITests.debug.xcconfig"; sourceTree = "<group>"; };
/* End PBXFileReference section */

/* Begin PBXFrameworksBuildPhase section */
		66C9C9431D766ECC0091CC66 /* Frameworks */ = {
			isa = PBXFrameworksBuildPhase;
			buildActionMask = 2147483647;
			files = (
				262C95E0B95205CAAB4E22BA /* Pods_Selfiegram_New.framework in Frameworks */,
			);
			runOnlyForDeploymentPostprocessing = 0;
		};
		66C9C9571D766ECC0091CC66 /* Frameworks */ = {
			isa = PBXFrameworksBuildPhase;
			buildActionMask = 2147483647;
			files = (
				FCCC0FDDBEEDA48EBA156E52 /* Pods_Selfiegram_NewTests.framework in Frameworks */,
			);
			runOnlyForDeploymentPostprocessing = 0;
		};
		66C9C9621D766ECC0091CC66 /* Frameworks */ = {
			isa = PBXFrameworksBuildPhase;
			buildActionMask = 2147483647;
			files = (
				D3FA2025C945C149758428AD /* Pods_Selfiegram_NewUITests.framework in Frameworks */,
			);
			runOnlyForDeploymentPostprocessing = 0;
		};
/* End PBXFrameworksBuildPhase section */

/* Begin PBXGroup section */
		4DFB7E3EC2814CF184A531BD /* Pods */ = {
			isa = PBXGroup;
			children = (
				6209D22F222864D91EECC388 /* Pods-Selfiegram New.debug.xcconfig */,
				4DC5D38C12C5541BAC7A70DD /* Pods-Selfiegram New.release.xcconfig */,
				26298F75FF6B4766FE33B47E /* Pods-Selfiegram NewTests.debug.xcconfig */,
				C78A46B5A15D7566F4176A23 /* Pods-Selfiegram NewTests.release.xcconfig */,
				C8BC9CEFAD87B203F4B8C244 /* Pods-Selfiegram NewUITests.debug.xcconfig */,
				7F0FDEB2473E110DBAB7B4E9 /* Pods-Selfiegram NewUITests.release.xcconfig */,
			);
			name = Pods;
			sourceTree = "<group>";
		};
		521DF2AF8FD980CE1E16EC53 /* Frameworks */ = {
			isa = PBXGroup;
			children = (
				133910BACB7A7EA5AE272D4A /* Pods_Selfiegram_New.framework */,
				97497256F43A548DC2674DFB /* Pods_Selfiegram_NewTests.framework */,
				80DDE36D380B0B2F32727444 /* Pods_Selfiegram_NewUITests.framework */,
			);
			name = Frameworks;
			sourceTree = "<group>";
		};
		66C9C93D1D766ECB0091CC66 = {
			isa = PBXGroup;
			children = (
				66C9C9771D7679D30091CC66 /* ProfileViewController.swift */,
				66C9C9481D766ECC0091CC66 /* Selfiegram New */,
				66C9C95D1D766ECC0091CC66 /* Selfiegram NewTests */,
				66C9C9681D766ECC0091CC66 /* Selfiegram NewUITests */,
				66C9C9471D766ECC0091CC66 /* Products */,
				4DFB7E3EC2814CF184A531BD /* Pods */,
				521DF2AF8FD980CE1E16EC53 /* Frameworks */,
			);
			sourceTree = "<group>";
		};
		66C9C9471D766ECC0091CC66 /* Products */ = {
			isa = PBXGroup;
			children = (
				66C9C9461D766ECC0091CC66 /* Selfiegram New.app */,
				66C9C95A1D766ECC0091CC66 /* Selfiegram NewTests.xctest */,
				66C9C9651D766ECC0091CC66 /* Selfiegram NewUITests.xctest */,
			);
			name = Products;
			sourceTree = "<group>";
		};
		66C9C9481D766ECC0091CC66 /* Selfiegram New */ = {
			isa = PBXGroup;
			children = (
				66C9C9491D766ECC0091CC66 /* AppDelegate.swift */,
				66C9C94B1D766ECC0091CC66 /* ViewController.swift */,
				66C9C94D1D766ECC0091CC66 /* Main.storyboard */,
				6677B4241D822D7C00C0A8C7 /* SelfieCell.swift */,
				66B62C6B1D790467006DF69D /* User.swift */,
				66B62C6D1D790740006DF69D /* Post.swift */,
				66F9E8A91D7F97840090EDC0 /* FeedViewController.swift */,
				66C9C9501D766ECC0091CC66 /* Assets.xcassets */,
				66C9C9521D766ECC0091CC66 /* LaunchScreen.storyboard */,
				66C9C9551D766ECC0091CC66 /* Info.plist */,
			);
			path = "Selfiegram New";
			sourceTree = "<group>";
		};
		66C9C95D1D766ECC0091CC66 /* Selfiegram NewTests */ = {
			isa = PBXGroup;
			children = (
				66C9C95E1D766ECC0091CC66 /* Selfiegram_NewTests.swift */,
				66C9C9601D766ECC0091CC66 /* Info.plist */,
			);
			path = "Selfiegram NewTests";
			sourceTree = "<group>";
		};
		66C9C9681D766ECC0091CC66 /* Selfiegram NewUITests */ = {
			isa = PBXGroup;
			children = (
				66C9C9691D766ECC0091CC66 /* Selfiegram_NewUITests.swift */,
				66C9C96B1D766ECC0091CC66 /* Info.plist */,
			);
			path = "Selfiegram NewUITests";
			sourceTree = "<group>";
		};
/* End PBXGroup section */

/* Begin PBXNativeTarget section */
		66C9C9451D766ECC0091CC66 /* Selfiegram New */ = {
			isa = PBXNativeTarget;
			buildConfigurationList = 66C9C96E1D766ECC0091CC66 /* Build configuration list for PBXNativeTarget "Selfiegram New" */;
			buildPhases = (
				8D0D9D0EC2F5009247D6224A /* [CP] Check Pods Manifest.lock */,
				66C9C9421D766ECC0091CC66 /* Sources */,
				66C9C9431D766ECC0091CC66 /* Frameworks */,
				66C9C9441D766ECC0091CC66 /* Resources */,
				900A09720B5CAB4DDDC9AD94 /* [CP] Embed Pods Frameworks */,
				068F351B2820A70C06E6D0C4 /* [CP] Copy Pods Resources */,
			);
			buildRules = (
			);
			dependencies = (
			);
			name = "Selfiegram New";
			productName = "Selfiegram New";
			productReference = 66C9C9461D766ECC0091CC66 /* Selfiegram New.app */;
			productType = "com.apple.product-type.application";
		};
		66C9C9591D766ECC0091CC66 /* Selfiegram NewTests */ = {
			isa = PBXNativeTarget;
			buildConfigurationList = 66C9C9711D766ECC0091CC66 /* Build configuration list for PBXNativeTarget "Selfiegram NewTests" */;
			buildPhases = (
				7CC0EDD1FCF894C6DF57D39A /* [CP] Check Pods Manifest.lock */,
				66C9C9561D766ECC0091CC66 /* Sources */,
				66C9C9571D766ECC0091CC66 /* Frameworks */,
				66C9C9581D766ECC0091CC66 /* Resources */,
				82ACFAD800E3B61573756412 /* [CP] Embed Pods Frameworks */,
				5580EC226B8674A935414F10 /* [CP] Copy Pods Resources */,
			);
			buildRules = (
			);
			dependencies = (
				66C9C95C1D766ECC0091CC66 /* PBXTargetDependency */,
			);
			name = "Selfiegram NewTests";
			productName = "Selfiegram NewTests";
			productReference = 66C9C95A1D766ECC0091CC66 /* Selfiegram NewTests.xctest */;
			productType = "com.apple.product-type.bundle.unit-test";
		};
		66C9C9641D766ECC0091CC66 /* Selfiegram NewUITests */ = {
			isa = PBXNativeTarget;
			buildConfigurationList = 66C9C9741D766ECC0091CC66 /* Build configuration list for PBXNativeTarget "Selfiegram NewUITests" */;
			buildPhases = (
				BC5A1ABB77DF43C4CCECDC0F /* [CP] Check Pods Manifest.lock */,
				66C9C9611D766ECC0091CC66 /* Sources */,
				66C9C9621D766ECC0091CC66 /* Frameworks */,
				66C9C9631D766ECC0091CC66 /* Resources */,
				AD9D457B631C2C76C8C7C1A1 /* [CP] Copy Pods Resources */,
			);
			buildRules = (
			);
			dependencies = (
				66C9C9671D766ECC0091CC66 /* PBXTargetDependency */,
			);
			name = "Selfiegram NewUITests";
			productName = "Selfiegram NewUITests";
			productReference = 66C9C9651D766ECC0091CC66 /* Selfiegram NewUITests.xctest */;
			productType = "com.apple.product-type.bundle.ui-testing";
		};
/* End PBXNativeTarget section */

/* Begin PBXProject section */
		66C9C93E1D766ECB0091CC66 /* Project object */ = {
			isa = PBXProject;
			attributes = {
				LastSwiftUpdateCheck = 0730;
				LastUpgradeCheck = 0730;
				ORGANIZATIONNAME = "michael massoud";
				TargetAttributes = {
					66C9C9451D766ECC0091CC66 = {
						CreatedOnToolsVersion = 7.3.1;
					};
					66C9C9591D766ECC0091CC66 = {
						CreatedOnToolsVersion = 7.3.1;
						TestTargetID = 66C9C9451D766ECC0091CC66;
					};
					66C9C9641D766ECC0091CC66 = {
						CreatedOnToolsVersion = 7.3.1;
						TestTargetID = 66C9C9451D766ECC0091CC66;
					};
				};
			};
			buildConfigurationList = 66C9C9411D766ECB0091CC66 /* Build configuration list for PBXProject "Selfiegram New" */;
			compatibilityVersion = "Xcode 3.2";
			developmentRegion = English;
			hasScannedForEncodings = 0;
			knownRegions = (
				en,
				Base,
			);
			mainGroup = 66C9C93D1D766ECB0091CC66;
			productRefGroup = 66C9C9471D766ECC0091CC66 /* Products */;
			projectDirPath = "";
			projectRoot = "";
			targets = (
				66C9C9451D766ECC0091CC66 /* Selfiegram New */,
				66C9C9591D766ECC0091CC66 /* Selfiegram NewTests */,
				66C9C9641D766ECC0091CC66 /* Selfiegram NewUITests */,
			);
		};
/* End PBXProject section */

/* Begin PBXResourcesBuildPhase section */
		66C9C9441D766ECC0091CC66 /* Resources */ = {
			isa = PBXResourcesBuildPhase;
			buildActionMask = 2147483647;
			files = (
				66C9C9541D766ECC0091CC66 /* LaunchScreen.storyboard in Resources */,
				66C9C9511D766ECC0091CC66 /* Assets.xcassets in Resources */,
				66C9C94F1D766ECC0091CC66 /* Main.storyboard in Resources */,
			);
			runOnlyForDeploymentPostprocessing = 0;
		};
		66C9C9581D766ECC0091CC66 /* Resources */ = {
			isa = PBXResourcesBuildPhase;
			buildActionMask = 2147483647;
			files = (
			);
			runOnlyForDeploymentPostprocessing = 0;
		};
		66C9C9631D766ECC0091CC66 /* Resources */ = {
			isa = PBXResourcesBuildPhase;
			buildActionMask = 2147483647;
			files = (
			);
			runOnlyForDeploymentPostprocessing = 0;
		};
/* End PBXResourcesBuildPhase section */

/* Begin PBXShellScriptBuildPhase section */
		068F351B2820A70C06E6D0C4 /* [CP] Copy Pods Resources */ = {
			isa = PBXShellScriptBuildPhase;
			buildActionMask = 2147483647;
			files = (
			);
			inputPaths = (
			);
			name = "[CP] Copy Pods Resources";
			outputPaths = (
			);
			runOnlyForDeploymentPostprocessing = 0;
			shellPath = /bin/sh;
			shellScript = "\"${SRCROOT}/Pods/Target Support Files/Pods-Selfiegram New/Pods-Selfiegram New-resources.sh\"\n";
			showEnvVarsInLog = 0;
		};
		5580EC226B8674A935414F10 /* [CP] Copy Pods Resources */ = {
			isa = PBXShellScriptBuildPhase;
			buildActionMask = 2147483647;
			files = (
			);
			inputPaths = (
			);
			name = "[CP] Copy Pods Resources";
			outputPaths = (
			);
			runOnlyForDeploymentPostprocessing = 0;
			shellPath = /bin/sh;
			shellScript = "\"${SRCROOT}/Pods/Target Support Files/Pods-Selfiegram NewTests/Pods-Selfiegram NewTests-resources.sh\"\n";
			showEnvVarsInLog = 0;
		};
		7CC0EDD1FCF894C6DF57D39A /* [CP] Check Pods Manifest.lock */ = {
			isa = PBXShellScriptBuildPhase;
			buildActionMask = 2147483647;
			files = (
			);
			inputPaths = (
			);
			name = "[CP] Check Pods Manifest.lock";
			outputPaths = (
			);
			runOnlyForDeploymentPostprocessing = 0;
			shellPath = /bin/sh;
			shellScript = "diff \"${PODS_ROOT}/../Podfile.lock\" \"${PODS_ROOT}/Manifest.lock\" > /dev/null\nif [[ $? != 0 ]] ; then\n    cat << EOM\nerror: The sandbox is not in sync with the Podfile.lock. Run 'pod install' or update your CocoaPods installation.\nEOM\n    exit 1\nfi\n";
			showEnvVarsInLog = 0;
		};
		82ACFAD800E3B61573756412 /* [CP] Embed Pods Frameworks */ = {
			isa = PBXShellScriptBuildPhase;
			buildActionMask = 2147483647;
			files = (
			);
			inputPaths = (
			);
			name = "[CP] Embed Pods Frameworks";
			outputPaths = (
			);
			runOnlyForDeploymentPostprocessing = 0;
			shellPath = /bin/sh;
			shellScript = "\"${SRCROOT}/Pods/Target Support Files/Pods-Selfiegram NewTests/Pods-Selfiegram NewTests-frameworks.sh\"\n";
			showEnvVarsInLog = 0;
		};
		8D0D9D0EC2F5009247D6224A /* [CP] Check Pods Manifest.lock */ = {
			isa = PBXShellScriptBuildPhase;
			buildActionMask = 2147483647;
			files = (
			);
			inputPaths = (
			);
			name = "[CP] Check Pods Manifest.lock";
			outputPaths = (
			);
			runOnlyForDeploymentPostprocessing = 0;
			shellPath = /bin/sh;
			shellScript = "diff \"${PODS_ROOT}/../Podfile.lock\" \"${PODS_ROOT}/Manifest.lock\" > /dev/null\nif [[ $? != 0 ]] ; then\n    cat << EOM\nerror: The sandbox is not in sync with the Podfile.lock. Run 'pod install' or update your CocoaPods installation.\nEOM\n    exit 1\nfi\n";
			showEnvVarsInLog = 0;
		};
		900A09720B5CAB4DDDC9AD94 /* [CP] Embed Pods Frameworks */ = {
			isa = PBXShellScriptBuildPhase;
			buildActionMask = 2147483647;
			files = (
			);
			inputPaths = (
			);
			name = "[CP] Embed Pods Frameworks";
			outputPaths = (
			);
			runOnlyForDeploymentPostprocessing = 0;
			shellPath = /bin/sh;
			shellScript = "\"${SRCROOT}/Pods/Target Support Files/Pods-Selfiegram New/Pods-Selfiegram New-frameworks.sh\"\n";
			showEnvVarsInLog = 0;
		};
		AD9D457B631C2C76C8C7C1A1 /* [CP] Copy Pods Resources */ = {
			isa = PBXShellScriptBuildPhase;
			buildActionMask = 2147483647;
			files = (
			);
			inputPaths = (
			);
			name = "[CP] Copy Pods Resources";
			outputPaths = (
			);
			runOnlyForDeploymentPostprocessing = 0;
			shellPath = /bin/sh;
			shellScript = "\"${SRCROOT}/Pods/Target Support Files/Pods-Selfiegram NewUITests/Pods-Selfiegram NewUITests-resources.sh\"\n";
			showEnvVarsInLog = 0;
		};
		BC5A1ABB77DF43C4CCECDC0F /* [CP] Check Pods Manifest.lock */ = {
			isa = PBXShellScriptBuildPhase;
			buildActionMask = 2147483647;
			files = (
			);
			inputPaths = (
			);
			name = "[CP] Check Pods Manifest.lock";
			outputPaths = (
			);
			runOnlyForDeploymentPostprocessing = 0;
			shellPath = /bin/sh;
			shellScript = "diff \"${PODS_ROOT}/../Podfile.lock\" \"${PODS_ROOT}/Manifest.lock\" > /dev/null\nif [[ $? != 0 ]] ; then\n    cat << EOM\nerror: The sandbox is not in sync with the Podfile.lock. Run 'pod install' or update your CocoaPods installation.\nEOM\n    exit 1\nfi\n";
			showEnvVarsInLog = 0;
		};
/* End PBXShellScriptBuildPhase section */

/* Begin PBXSourcesBuildPhase section */
		66C9C9421D766ECC0091CC66 /* Sources */ = {
			isa = PBXSourcesBuildPhase;
			buildActionMask = 2147483647;
			files = (
				66B62C6C1D790467006DF69D /* User.swift in Sources */,
				66F9E8AA1D7F97840090EDC0 /* FeedViewController.swift in Sources */,
				6677B4251D822D7C00C0A8C7 /* SelfieCell.swift in Sources */,
				66C9C9781D7679D30091CC66 /* ProfileViewController.swift in Sources */,
				66C9C94C1D766ECC0091CC66 /* ViewController.swift in Sources */,
				66C9C94A1D766ECC0091CC66 /* AppDelegate.swift in Sources */,
				66B62C6E1D790740006DF69D /* Post.swift in Sources */,
			);
			runOnlyForDeploymentPostprocessing = 0;
		};
		66C9C9561D766ECC0091CC66 /* Sources */ = {
			isa = PBXSourcesBuildPhase;
			buildActionMask = 2147483647;
			files = (
				66C9C95F1D766ECC0091CC66 /* Selfiegram_NewTests.swift in Sources */,
			);
			runOnlyForDeploymentPostprocessing = 0;
		};
		66C9C9611D766ECC0091CC66 /* Sources */ = {
			isa = PBXSourcesBuildPhase;
			buildActionMask = 2147483647;
			files = (
				66C9C96A1D766ECC0091CC66 /* Selfiegram_NewUITests.swift in Sources */,
			);
			runOnlyForDeploymentPostprocessing = 0;
		};
/* End PBXSourcesBuildPhase section */

/* Begin PBXTargetDependency section */
		66C9C95C1D766ECC0091CC66 /* PBXTargetDependency */ = {
			isa = PBXTargetDependency;
			target = 66C9C9451D766ECC0091CC66 /* Selfiegram New */;
			targetProxy = 66C9C95B1D766ECC0091CC66 /* PBXContainerItemProxy */;
		};
		66C9C9671D766ECC0091CC66 /* PBXTargetDependency */ = {
			isa = PBXTargetDependency;
			target = 66C9C9451D766ECC0091CC66 /* Selfiegram New */;
			targetProxy = 66C9C9661D766ECC0091CC66 /* PBXContainerItemProxy */;
		};
/* End PBXTargetDependency section */

/* Begin PBXVariantGroup section */
		66C9C94D1D766ECC0091CC66 /* Main.storyboard */ = {
			isa = PBXVariantGroup;
			children = (
				66C9C94E1D766ECC0091CC66 /* Base */,
			);
			name = Main.storyboard;
			sourceTree = "<group>";
		};
		66C9C9521D766ECC0091CC66 /* LaunchScreen.storyboard */ = {
			isa = PBXVariantGroup;
			children = (
				66C9C9531D766ECC0091CC66 /* Base */,
			);
			name = LaunchScreen.storyboard;
			sourceTree = "<group>";
		};
/* End PBXVariantGroup section */

/* Begin XCBuildConfiguration section */
		66C9C96C1D766ECC0091CC66 /* Debug */ = {
			isa = XCBuildConfiguration;
			buildSettings = {
				ALWAYS_SEARCH_USER_PATHS = NO;
				CLANG_ANALYZER_NONNULL = YES;
				CLANG_CXX_LANGUAGE_STANDARD = "gnu++0x";
				CLANG_CXX_LIBRARY = "libc++";
				CLANG_ENABLE_MODULES = YES;
				CLANG_ENABLE_OBJC_ARC = YES;
				CLANG_WARN_BOOL_CONVERSION = YES;
				CLANG_WARN_CONSTANT_CONVERSION = YES;
				CLANG_WARN_DIRECT_OBJC_ISA_USAGE = YES_ERROR;
				CLANG_WARN_EMPTY_BODY = YES;
				CLANG_WARN_ENUM_CONVERSION = YES;
				CLANG_WARN_INT_CONVERSION = YES;
				CLANG_WARN_OBJC_ROOT_CLASS = YES_ERROR;
				CLANG_WARN_UNREACHABLE_CODE = YES;
				CLANG_WARN__DUPLICATE_METHOD_MATCH = YES;
				"CODE_SIGN_IDENTITY[sdk=iphoneos*]" = "iPhone Developer";
				COPY_PHASE_STRIP = NO;
				DEBUG_INFORMATION_FORMAT = dwarf;
				ENABLE_STRICT_OBJC_MSGSEND = YES;
				ENABLE_TESTABILITY = YES;
				GCC_C_LANGUAGE_STANDARD = gnu99;
				GCC_DYNAMIC_NO_PIC = NO;
				GCC_NO_COMMON_BLOCKS = YES;
				GCC_OPTIMIZATION_LEVEL = 0;
				GCC_PREPROCESSOR_DEFINITIONS = (
					"DEBUG=1",
					"$(inherited)",
				);
				GCC_WARN_64_TO_32_BIT_CONVERSION = YES;
				GCC_WARN_ABOUT_RETURN_TYPE = YES_ERROR;
				GCC_WARN_UNDECLARED_SELECTOR = YES;
				GCC_WARN_UNINITIALIZED_AUTOS = YES_AGGRESSIVE;
				GCC_WARN_UNUSED_FUNCTION = YES;
				GCC_WARN_UNUSED_VARIABLE = YES;
				IPHONEOS_DEPLOYMENT_TARGET = 9.3;
				MTL_ENABLE_DEBUG_INFO = YES;
				ONLY_ACTIVE_ARCH = YES;
				SDKROOT = iphoneos;
				SWIFT_OPTIMIZATION_LEVEL = "-Onone";
				TARGETED_DEVICE_FAMILY = "1,2";
			};
			name = Debug;
		};
		66C9C96D1D766ECC0091CC66 /* Release */ = {
			isa = XCBuildConfiguration;
			buildSettings = {
				ALWAYS_SEARCH_USER_PATHS = NO;
				CLANG_ANALYZER_NONNULL = YES;
				CLANG_CXX_LANGUAGE_STANDARD = "gnu++0x";
				CLANG_CXX_LIBRARY = "libc++";
				CLANG_ENABLE_MODULES = YES;
				CLANG_ENABLE_OBJC_ARC = YES;
				CLANG_WARN_BOOL_CONVERSION = YES;
				CLANG_WARN_CONSTANT_CONVERSION = YES;
				CLANG_WARN_DIRECT_OBJC_ISA_USAGE = YES_ERROR;
				CLANG_WARN_EMPTY_BODY = YES;
				CLANG_WARN_ENUM_CONVERSION = YES;
				CLANG_WARN_INT_CONVERSION = YES;
				CLANG_WARN_OBJC_ROOT_CLASS = YES_ERROR;
				CLANG_WARN_UNREACHABLE_CODE = YES;
				CLANG_WARN__DUPLICATE_METHOD_MATCH = YES;
				"CODE_SIGN_IDENTITY[sdk=iphoneos*]" = "iPhone Developer";
				COPY_PHASE_STRIP = NO;
				DEBUG_INFORMATION_FORMAT = "dwarf-with-dsym";
				ENABLE_NS_ASSERTIONS = NO;
				ENABLE_STRICT_OBJC_MSGSEND = YES;
				GCC_C_LANGUAGE_STANDARD = gnu99;
				GCC_NO_COMMON_BLOCKS = YES;
				GCC_WARN_64_TO_32_BIT_CONVERSION = YES;
				GCC_WARN_ABOUT_RETURN_TYPE = YES_ERROR;
				GCC_WARN_UNDECLARED_SELECTOR = YES;
				GCC_WARN_UNINITIALIZED_AUTOS = YES_AGGRESSIVE;
				GCC_WARN_UNUSED_FUNCTION = YES;
				GCC_WARN_UNUSED_VARIABLE = YES;
				IPHONEOS_DEPLOYMENT_TARGET = 9.3;
				MTL_ENABLE_DEBUG_INFO = NO;
				SDKROOT = iphoneos;
				TARGETED_DEVICE_FAMILY = "1,2";
				VALIDATE_PRODUCT = YES;
			};
			name = Release;
		};
		66C9C96F1D766ECC0091CC66 /* Debug */ = {
			isa = XCBuildConfiguration;
			baseConfigurationReference = 6209D22F222864D91EECC388 /* Pods-Selfiegram New.debug.xcconfig */;
			buildSettings = {
				ASSETCATALOG_COMPILER_APPICON_NAME = AppIcon;
				INFOPLIST_FILE = "Selfiegram New/Info.plist";
				LD_RUNPATH_SEARCH_PATHS = "$(inherited) @executable_path/Frameworks";
				PRODUCT_BUNDLE_IDENTIFIER = "My-Practices.Selfiegram-New";
				PRODUCT_NAME = "$(TARGET_NAME)";
			};
			name = Debug;
		};
		66C9C9701D766ECC0091CC66 /* Release */ = {
			isa = XCBuildConfiguration;
			baseConfigurationReference = 4DC5D38C12C5541BAC7A70DD /* Pods-Selfiegram New.release.xcconfig */;
			buildSettings = {
				ASSETCATALOG_COMPILER_APPICON_NAME = AppIcon;
				INFOPLIST_FILE = "Selfiegram New/Info.plist";
				LD_RUNPATH_SEARCH_PATHS = "$(inherited) @executable_path/Frameworks";
				PRODUCT_BUNDLE_IDENTIFIER = "My-Practices.Selfiegram-New";
				PRODUCT_NAME = "$(TARGET_NAME)";
			};
			name = Release;
		};
		66C9C9721D766ECC0091CC66 /* Debug */ = {
			isa = XCBuildConfiguration;
			baseConfigurationReference = 26298F75FF6B4766FE33B47E /* Pods-Selfiegram NewTests.debug.xcconfig */;
			buildSettings = {
				BUNDLE_LOADER = "$(TEST_HOST)";
				INFOPLIST_FILE = "Selfiegram NewTests/Info.plist";
				LD_RUNPATH_SEARCH_PATHS = "$(inherited) @executable_path/Frameworks @loader_path/Frameworks";
				PRODUCT_BUNDLE_IDENTIFIER = "My-Practices.Selfiegram-NewTests";
				PRODUCT_NAME = "$(TARGET_NAME)";
				TEST_HOST = "$(BUILT_PRODUCTS_DIR)/Selfiegram New.app/Selfiegram New";
			};
			name = Debug;
		};
		66C9C9731D766ECC0091CC66 /* Release */ = {
			isa = XCBuildConfiguration;
			baseConfigurationReference = C78A46B5A15D7566F4176A23 /* Pods-Selfiegram NewTests.release.xcconfig */;
			buildSettings = {
				BUNDLE_LOADER = "$(TEST_HOST)";
				INFOPLIST_FILE = "Selfiegram NewTests/Info.plist";
				LD_RUNPATH_SEARCH_PATHS = "$(inherited) @executable_path/Frameworks @loader_path/Frameworks";
				PRODUCT_BUNDLE_IDENTIFIER = "My-Practices.Selfiegram-NewTests";
				PRODUCT_NAME = "$(TARGET_NAME)";
				TEST_HOST = "$(BUILT_PRODUCTS_DIR)/Selfiegram New.app/Selfiegram New";
			};
			name = Release;
		};
		66C9C9751D766ECC0091CC66 /* Debug */ = {
			isa = XCBuildConfiguration;
			baseConfigurationReference = C8BC9CEFAD87B203F4B8C244 /* Pods-Selfiegram NewUITests.debug.xcconfig */;
			buildSettings = {
				INFOPLIST_FILE = "Selfiegram NewUITests/Info.plist";
				LD_RUNPATH_SEARCH_PATHS = "$(inherited) @executable_path/Frameworks @loader_path/Frameworks";
				PRODUCT_BUNDLE_IDENTIFIER = "My-Practices.Selfiegram-NewUITests";
				PRODUCT_NAME = "$(TARGET_NAME)";
				TEST_TARGET_NAME = "Selfiegram New";
			};
			name = Debug;
		};
		66C9C9761D766ECC0091CC66 /* Release */ = {
			isa = XCBuildConfiguration;
			baseConfigurationReference = 7F0FDEB2473E110DBAB7B4E9 /* Pods-Selfiegram NewUITests.release.xcconfig */;
			buildSettings = {
				INFOPLIST_FILE = "Selfiegram NewUITests/Info.plist";
				LD_RUNPATH_SEARCH_PATHS = "$(inherited) @executable_path/Frameworks @loader_path/Frameworks";
				PRODUCT_BUNDLE_IDENTIFIER = "My-Practices.Selfiegram-NewUITests";
				PRODUCT_NAME = "$(TARGET_NAME)";
				TEST_TARGET_NAME = "Selfiegram New";
			};
			name = Release;
		};
/* End XCBuildConfiguration section */

/* Begin XCConfigurationList section */
		66C9C9411D766ECB0091CC66 /* Build configuration list for PBXProject "Selfiegram New" */ = {
			isa = XCConfigurationList;
			buildConfigurations = (
				66C9C96C1D766ECC0091CC66 /* Debug */,
				66C9C96D1D766ECC0091CC66 /* Release */,
			);
			defaultConfigurationIsVisible = 0;
			defaultConfigurationName = Release;
		};
		66C9C96E1D766ECC0091CC66 /* Build configuration list for PBXNativeTarget "Selfiegram New" */ = {
			isa = XCConfigurationList;
			buildConfigurations = (
				66C9C96F1D766ECC0091CC66 /* Debug */,
				66C9C9701D766ECC0091CC66 /* Release */,
			);
			defaultConfigurationIsVisible = 0;
			defaultConfigurationName = Release;
		};
		66C9C9711D766ECC0091CC66 /* Build configuration list for PBXNativeTarget "Selfiegram NewTests" */ = {
			isa = XCConfigurationList;
			buildConfigurations = (
				66C9C9721D766ECC0091CC66 /* Debug */,
				66C9C9731D766ECC0091CC66 /* Release */,
			);
			defaultConfigurationIsVisible = 0;
			defaultConfigurationName = Release;
		};
		66C9C9741D766ECC0091CC66 /* Build configuration list for PBXNativeTarget "Selfiegram NewUITests" */ = {
			isa = XCConfigurationList;
			buildConfigurations = (
				66C9C9751D766ECC0091CC66 /* Debug */,
				66C9C9761D766ECC0091CC66 /* Release */,
			);
			defaultConfigurationIsVisible = 0;
			defaultConfigurationName = Release;
		};
/* End XCConfigurationList section */
	};
	rootObject = 66C9C93E1D766ECB0091CC66 /* Project object */;
}
